
Microsoft Visual Studio Solution File, Format Version 12.00
# Visual Studio Version 16
VisualStudioVersion = 16.0.33927.289
MinimumVisualStudioVersion = 10.0.40219.1
Project("{2150E333-8FDC-42A3-9474-1A3956D46DE8}") = "TaskReview", "TaskReview", "{CFB6CF42-D226-4E9B-8FC1-0175DA86A9A8}"
EndProject
Project("{FAE04EC0-301F-11D3-BF4B-00C04F79EFBC}") = "Tyuiu.LebedevIV.Sprint1.TaskReview.V29.Lib", "Tyuiu.LebedevIV.Sprint1.TaskReview.V29.Lib\Tyuiu.LebedevIV.Sprint1.TaskReview.V29.Lib.csproj", "{7A7DC7DD-29D8-41E1-9454-875D41C46F8D}"
EndProject
Project("{FAE04EC0-301F-11D3-BF4B-00C04F79EFBC}") = "Tyuiu.LebedevIV.Sprint1.TaskReview.V29", "Tyuiu.LebedevIV.Sprint1.TaskReview.V29\Tyuiu.LebedevIV.Sprint1.TaskReview.V29.csproj", "{D58C010B-7F8C-4294-898B-50A4418276E6}"
EndProject
Project("{FAE04EC0-301F-11D3-BF4B-00C04F79EFBC}") = "Tyuiu.LebedevIV.Sprint1.TaskReview.V29.Test", "Tyuiu.LebedevIV.Sprint1.TaskReview.V29.Test\Tyuiu.LebedevIV.Sprint1.TaskReview.V29.Test.csproj", "{C0AD11CC-5A35-4FC3-A4F2-C2624216E737}"
EndProject
Global
	GlobalSection(SolutionConfigurationPlatforms) = preSolution
		Debug|Any CPU = Debug|Any CPU
		Release|Any CPU = Release|Any CPU
	EndGlobalSection
	GlobalSection(ProjectConfigurationPlatforms) = postSolution
		{7A7DC7DD-29D8-41E1-9454-875D41C46F8D}.Debug|Any CPU.ActiveCfg = Debug|Any CPU
		{7A7DC7DD-29D8-41E1-9454-875D41C46F8D}.Debug|Any CPU.Build.0 = Debug|Any CPU
		{7A7DC7DD-29D8-41E1-9454-875D41C46F8D}.Release|Any CPU.ActiveCfg = Release|Any CPU
		{7A7DC7DD-29D8-41E1-9454-875D41C46F8D}.Release|Any CPU.Build.0 = Release|Any CPU
		{D58C010B-7F8C-4294-898B-50A4418276E6}.Debug|Any CPU.ActiveCfg = Debug|Any CPU
		{D58C010B-7F8C-4294-898B-50A4418276E6}.Debug|Any CPU.Build.0 = Debug|Any CPU
		{D58C010B-7F8C-4294-898B-50A4418276E6}.Release|Any CPU.ActiveCfg = Release|Any CPU
		{D58C010B-7F8C-4294-898B-50A4418276E6}.Release|Any CPU.Build.0 = Release|Any CPU
		{C0AD11CC-5A35-4FC3-A4F2-C2624216E737}.Debug|Any CPU.ActiveCfg = Debug|Any CPU
		{C0AD11CC-5A35-4FC3-A4F2-C2624216E737}.Debug|Any CPU.Build.0 = Debug|Any CPU
		{C0AD11CC-5A35-4FC3-A4F2-C2624216E737}.Release|Any CPU.ActiveCfg = Release|Any CPU
		{C0AD11CC-5A35-4FC3-A4F2-C2624216E737}.Release|Any CPU.Build.0 = Release|Any CPU
	EndGlobalSection
	GlobalSection(SolutionProperties) = preSolution
		HideSolutionNode = FALSE
	EndGlobalSection
	GlobalSection(NestedProjects) = preSolution
		{7A7DC7DD-29D8-41E1-9454-875D41C46F8D} = {CFB6CF42-D226-4E9B-8FC1-0175DA86A9A8}
		{D58C010B-7F8C-4294-898B-50A4418276E6} = {CFB6CF42-D226-4E9B-8FC1-0175DA86A9A8}
		{C0AD11CC-5A35-4FC3-A4F2-C2624216E737} = {CFB6CF42-D226-4E9B-8FC1-0175DA86A9A8}
	EndGlobalSection
	GlobalSection(ExtensibilityGlobals) = postSolution
		SolutionGuid = {3CDEAD64-E31B-4D7F-81EB-446F81EEE87F}
	EndGlobalSection
EndGlobal
